
Microsoft Visual Studio Solution File, Format Version 12.00
# Visual Studio Version 16
VisualStudioVersion = 16.0.30907.101
MinimumVisualStudioVersion = 10.0.40219.1
Project("{FAE04EC0-301F-11D3-BF4B-00C04F79EFBC}") = "WebApplicationSignal", "WebApplicationSignal\WebApplicationSignal.csproj", "{D5FDAAA2-5F0F-465B-BF9C-10E9F8D9D6CB}"
EndProject
Global
	GlobalSection(SolutionConfigurationPlatforms) = preSolution
		Debug|Any CPU = Debug|Any CPU
		Release|Any CPU = Release|Any CPU
	EndGlobalSection
	GlobalSection(ProjectConfigurationPlatforms) = postSolution
		{D5FDAAA2-5F0F-465B-BF9C-10E9F8D9D6CB}.Debug|Any CPU.ActiveCfg = Debug|Any CPU
		{D5FDAAA2-5F0F-465B-BF9C-10E9F8D9D6CB}.Debug|Any CPU.Build.0 = Debug|Any CPU
		{D5FDAAA2-5F0F-465B-BF9C-10E9F8D9D6CB}.Release|Any CPU.ActiveCfg = Release|Any CPU
		{D5FDAAA2-5F0F-465B-BF9C-10E9F8D9D6CB}.Release|Any CPU.Build.0 = Release|Any CPU
	EndGlobalSection
	GlobalSection(SolutionProperties) = preSolution
		HideSolutionNode = FALSE
	EndGlobalSection
	GlobalSection(ExtensibilityGlobals) = postSolution
		SolutionGuid = {4770A749-D50D-4AD1-9A80-53750631EF2A}
	EndGlobalSection
EndGlobal
